{
  "name": "ypsilon-event-handler",
  "version": "1.0.8",
  "lockfileVersion": 3,
  "requires": true,
  "packages": {
    "": {
      "name": "ypsilon-event-handler",
      "version": "1.0.8",
      "license": "MIT",
      "dependencies": {
        "ypsilon-event-handler": "^1.0.7"
      }
    },
    "node_modules/ypsilon-event-handler": {
      "version": "1.0.7",
      "resolved": "https://registry.npmjs.org/ypsilon-event-handler/-/ypsilon-event-handler-1.0.7.tgz",
      "integrity": "sha512-BFnV8bAcu0PL2AngyptRs8G/s5rhKUFZs1ggdMrZciK49vGc8DD7SsaChXBonelrr2qlu8bRhIsiG9B/jWDVwA=="
    }
  }
}
